
Microsoft Visual Studio Solution File, Format Version 12.00
# Visual Studio Version 17
VisualStudioVersion = 17.14.37502.11
MinimumVisualStudioVersion = 10.0.40219.1
Project("{FAE04EC0-301F-11D3-BF4B-00C04F79EFBC}") = "MasterEF", "MasterEF\MasterEF.csproj", "{1B843700-50B8-4416-991F-02E9100F3248}"
EndProject
Project("{FAE04EC0-301F-11D3-BF4B-00C04F79EFBC}") = "MasterApp", "MasterApp\MasterApp.csproj", "{00E30AD6-0943-44E6-800F-2DE33533A5A1}"
EndProject
Project("{FAE04EC0-301F-11D3-BF4B-00C04F79EFBC}") = "MasterApi", "MasterApi\MasterApi.csproj", "{0432A117-1470-4DE2-BC3A-296C3F493218}"
EndProject
Project("{2150E333-8FDC-42A3-9474-1A3956D46DE8}") = "Master", "Master", "{02EA681E-C7D8-13C7-8484-4AC65E1B71E8}"
EndProject
Project("{2150E333-8FDC-42A3-9474-1A3956D46DE8}") = "Home", "Home", "{44ADFC9C-B9D1-488E-96E7-F5255466893D}"
EndProject
Project("{FAE04EC0-301F-11D3-BF4B-00C04F79EFBC}") = "HomeEF", "HomeEF\HomeEF.csproj", "{60DEFCA9-1AE9-4E8E-B461-1ADE2995A432}"
EndProject
Project("{FAE04EC0-301F-11D3-BF4B-00C04F79EFBC}") = "HomeApi", "HomeApi\HomeApi.csproj", "{4AF6B2BF-50A6-455D-88A2-F788EBA14C17}"
EndProject
Project("{FAE04EC0-301F-11D3-BF4B-00C04F79EFBC}") = "HomeApp", "HomeApp\HomeApp.csproj", "{CD9682B1-D492-47FF-A4EF-687918DCDE13}"
EndProject
Project("{2150E333-8FDC-42A3-9474-1A3956D46DE8}") = "Common", "Common", "{227C187A-E34C-4943-A393-4CE42A9FB4A0}"
EndProject
Project("{FAE04EC0-301F-11D3-BF4B-00C04F79EFBC}") = "HttpRequests", "HttpRequests\HttpRequests.csproj", "{5E8093DE-9555-40BF-B928-0D85D8D69869}"
EndProject
Project("{2150E333-8FDC-42A3-9474-1A3956D46DE8}") = "ApiGateway", "ApiGateway", "{4B3C6991-85FB-47E8-AAD5-514465200F4D}"
EndProject
Project("{FAE04EC0-301F-11D3-BF4B-00C04F79EFBC}") = "ApiGateway", "ApiGateway\ApiGateway.csproj", "{6DC93827-66EA-4007-88D2-46469076171B}"
EndProject
Project("{2150E333-8FDC-42A3-9474-1A3956D46DE8}") = "Dashboard", "Dashboard", "{6B9FD6BA-9A42-40DD-82ED-961559119694}"
EndProject
Project("{FAE04EC0-301F-11D3-BF4B-00C04F79EFBC}") = "DashboardApp", "DashboardApp\DashboardApp.csproj", "{CBF11010-996C-4861-82C7-ED3D52A94421}"
EndProject
Project("{FAE04EC0-301F-11D3-BF4B-00C04F79EFBC}") = "DashboardEF", "DashboardEF\DashboardEF.csproj", "{EF6D3698-AD99-4888-B9E3-8667084383ED}"
EndProject
Project("{2150E333-8FDC-42A3-9474-1A3956D46DE8}") = "Shared", "Shared", "{D0C9AB69-B06B-49E1-B6DD-F895AE5FF01E}"
EndProject
Project("{FAE04EC0-301F-11D3-BF4B-00C04F79EFBC}") = "SharedUI", "SharedUI\SharedUI.csproj", "{75092EEA-8506-4DCF-85FB-5B0FF64A3A0C}"
EndProject
Global
	GlobalSection(SolutionConfigurationPlatforms) = preSolution
		Debug|Any CPU = Debug|Any CPU
		Release|Any CPU = Release|Any CPU
	EndGlobalSection
	GlobalSection(ProjectConfigurationPlatforms) = postSolution
		{1B843700-50B8-4416-991F-02E9100F3248}.Debug|Any CPU.ActiveCfg = Debug|Any CPU
		{1B843700-50B8-4416-991F-02E9100F3248}.Debug|Any CPU.Build.0 = Debug|Any CPU
		{1B843700-50B8-4416-991F-02E9100F3248}.Release|Any CPU.ActiveCfg = Release|Any CPU
		{1B843700-50B8-4416-991F-02E9100F3248}.Release|Any CPU.Build.0 = Release|Any CPU
		{00E30AD6-0943-44E6-800F-2DE33533A5A1}.Debug|Any CPU.ActiveCfg = Debug|Any CPU
		{00E30AD6-0943-44E6-800F-2DE33533A5A1}.Debug|Any CPU.Build.0 = Debug|Any CPU
		{00E30AD6-0943-44E6-800F-2DE33533A5A1}.Release|Any CPU.ActiveCfg = Release|Any CPU
		{00E30AD6-0943-44E6-800F-2DE33533A5A1}.Release|Any CPU.Build.0 = Release|Any CPU
		{0432A117-1470-4DE2-BC3A-296C3F493218}.Debug|Any CPU.ActiveCfg = Debug|Any CPU
		{0432A117-1470-4DE2-BC3A-296C3F493218}.Debug|Any CPU.Build.0 = Debug|Any CPU
		{0432A117-1470-4DE2-BC3A-296C3F493218}.Release|Any CPU.ActiveCfg = Release|Any CPU
		{0432A117-1470-4DE2-BC3A-296C3F493218}.Release|Any CPU.Build.0 = Release|Any CPU
		{60DEFCA9-1AE9-4E8E-B461-1ADE2995A432}.Debug|Any CPU.ActiveCfg = Debug|Any CPU
		{60DEFCA9-1AE9-4E8E-B461-1ADE2995A432}.Debug|Any CPU.Build.0 = Debug|Any CPU
		{60DEFCA9-1AE9-4E8E-B461-1ADE2995A432}.Release|Any CPU.ActiveCfg = Release|Any CPU
		{60DEFCA9-1AE9-4E8E-B461-1ADE2995A432}.Release|Any CPU.Build.0 = Release|Any CPU
		{4AF6B2BF-50A6-455D-88A2-F788EBA14C17}.Debug|Any CPU.ActiveCfg = Debug|Any CPU
		{4AF6B2BF-50A6-455D-88A2-F788EBA14C17}.Debug|Any CPU.Build.0 = Debug|Any CPU
		{4AF6B2BF-50A6-455D-88A2-F788EBA14C17}.Release|Any CPU.ActiveCfg = Release|Any CPU
		{4AF6B2BF-50A6-455D-88A2-F788EBA14C17}.Release|Any CPU.Build.0 = Release|Any CPU
		{CD9682B1-D492-47FF-A4EF-687918DCDE13}.Debug|Any CPU.ActiveCfg = Debug|Any CPU
		{CD9682B1-D492-47FF-A4EF-687918DCDE13}.Debug|Any CPU.Build.0 = Debug|Any CPU
		{CD9682B1-D492-47FF-A4EF-687918DCDE13}.Release|Any CPU.ActiveCfg = Release|Any CPU
		{CD9682B1-D492-47FF-A4EF-687918DCDE13}.Release|Any CPU.Build.0 = Release|Any CPU
		{5E8093DE-9555-40BF-B928-0D85D8D69869}.Debug|Any CPU.ActiveCfg = Debug|Any CPU
		{5E8093DE-9555-40BF-B928-0D85D8D69869}.Debug|Any CPU.Build.0 = Debug|Any CPU
		{5E8093DE-9555-40BF-B928-0D85D8D69869}.Release|Any CPU.ActiveCfg = Release|Any CPU
		{5E8093DE-9555-40BF-B928-0D85D8D69869}.Release|Any CPU.Build.0 = Release|Any CPU
		{6DC93827-66EA-4007-88D2-46469076171B}.Debug|Any CPU.ActiveCfg = Debug|Any CPU
		{6DC93827-66EA-4007-88D2-46469076171B}.Debug|Any CPU.Build.0 = Debug|Any CPU
		{6DC93827-66EA-4007-88D2-46469076171B}.Release|Any CPU.ActiveCfg = Release|Any CPU
		{6DC93827-66EA-4007-88D2-46469076171B}.Release|Any CPU.Build.0 = Release|Any CPU
		{CBF11010-996C-4861-82C7-ED3D52A94421}.Debug|Any CPU.ActiveCfg = Debug|Any CPU
		{CBF11010-996C-4861-82C7-ED3D52A94421}.Debug|Any CPU.Build.0 = Debug|Any CPU
		{CBF11010-996C-4861-82C7-ED3D52A94421}.Release|Any CPU.ActiveCfg = Release|Any CPU
		{CBF11010-996C-4861-82C7-ED3D52A94421}.Release|Any CPU.Build.0 = Release|Any CPU
		{EF6D3698-AD99-4888-B9E3-8667084383ED}.Debug|Any CPU.ActiveCfg = Debug|Any CPU
		{EF6D3698-AD99-4888-B9E3-8667084383ED}.Debug|Any CPU.Build.0 = Debug|Any CPU
		{EF6D3698-AD99-4888-B9E3-8667084383ED}.Release|Any CPU.ActiveCfg = Release|Any CPU
		{EF6D3698-AD99-4888-B9E3-8667084383ED}.Release|Any CPU.Build.0 = Release|Any CPU
		{75092EEA-8506-4DCF-85FB-5B0FF64A3A0C}.Debug|Any CPU.ActiveCfg = Debug|Any CPU
		{75092EEA-8506-4DCF-85FB-5B0FF64A3A0C}.Debug|Any CPU.Build.0 = Debug|Any CPU
		{75092EEA-8506-4DCF-85FB-5B0FF64A3A0C}.Release|Any CPU.ActiveCfg = Release|Any CPU
		{75092EEA-8506-4DCF-85FB-5B0FF64A3A0C}.Release|Any CPU.Build.0 = Release|Any CPU
	EndGlobalSection
	GlobalSection(SolutionProperties) = preSolution
		HideSolutionNode = FALSE
	EndGlobalSection
	GlobalSection(NestedProjects) = preSolution
		{1B843700-50B8-4416-991F-02E9100F3248} = {02EA681E-C7D8-13C7-8484-4AC65E1B71E8}
		{00E30AD6-0943-44E6-800F-2DE33533A5A1} = {02EA681E-C7D8-13C7-8484-4AC65E1B71E8}
		{0432A117-1470-4DE2-BC3A-296C3F493218} = {02EA681E-C7D8-13C7-8484-4AC65E1B71E8}
		{60DEFCA9-1AE9-4E8E-B461-1ADE2995A432} = {44ADFC9C-B9D1-488E-96E7-F5255466893D}
		{4AF6B2BF-50A6-455D-88A2-F788EBA14C17} = {44ADFC9C-B9D1-488E-96E7-F5255466893D}
		{CD9682B1-D492-47FF-A4EF-687918DCDE13} = {44ADFC9C-B9D1-488E-96E7-F5255466893D}
		{5E8093DE-9555-40BF-B928-0D85D8D69869} = {227C187A-E34C-4943-A393-4CE42A9FB4A0}
		{6DC93827-66EA-4007-88D2-46469076171B} = {4B3C6991-85FB-47E8-AAD5-514465200F4D}
		{CBF11010-996C-4861-82C7-ED3D52A94421} = {6B9FD6BA-9A42-40DD-82ED-961559119694}
		{EF6D3698-AD99-4888-B9E3-8667084383ED} = {6B9FD6BA-9A42-40DD-82ED-961559119694}
		{75092EEA-8506-4DCF-85FB-5B0FF64A3A0C} = {D0C9AB69-B06B-49E1-B6DD-F895AE5FF01E}
	EndGlobalSection
	GlobalSection(ExtensibilityGlobals) = postSolution
		SolutionGuid = {8DFCE48F-EA58-4983-9925-AFD86FAF03C8}
	EndGlobalSection
EndGlobal
